schema: '2.0'
stages:
  stage_01:
    cmd: python stage_01.py
    deps:
    - path: stage_01.py
      hash: md5
      md5: 99bd26c12b0786c554548a70a55cc481
      size: 92
    outs:
    - path: artifact.txt
      hash: md5
      md5: 914e3a63cc9223ac26c4da4deaedc144
      size: 39
  stage_02:
    cmd: python stage_02.py
    deps:
    - path: artifact.txt
      hash: md5
      md5: 914e3a63cc9223ac26c4da4deaedc144
      size: 39
    - path: stage_02.py
      hash: md5
      md5: 378b594d5349ebe212ba063e8ac3487b
      size: 104
  stage_03:
    cmd: python stage_03.py
    deps:
    - path: artifact.txt
      hash: md5
      md5: eeaadaea4d50b7ce94d26e6b6c04c8ec
      size: 61
      isexec: true
    - path: stage_03.py
      hash: md5
      md5: 01b5266cedfcef969f3eb07f26e17056
      size: 193
